// !$*UTF8*$!
{
	archiveVersion = 1;
	classes = {
	};
	objectVersion = 46;
	objects = {

/* Begin PBXBuildFile section */
		BA2155521D00765B0042A999 /* SettingsHelper.swift in Sources */ = {isa = PBXBuildFile; fileRef = BA2155511D00765B0042A999 /* SettingsHelper.swift */; };
		BA6B4CF51CFFD4560085D196 /* AppDelegate.swift in Sources */ = {isa = PBXBuildFile; fileRef = BA6B4CF41CFFD4560085D196 /* AppDelegate.swift */; };
		BA6B4CF71CFFD4560085D196 /* ViewController.swift in Sources */ = {isa = PBXBuildFile; fileRef = BA6B4CF61CFFD4560085D196 /* ViewController.swift */; };
		BA6B4CFA1CFFD4560085D196 /* Main.storyboard in Resources */ = {isa = PBXBuildFile; fileRef = BA6B4CF81CFFD4560085D196 /* Main.storyboard */; };
		BA6B4CFC1CFFD4560085D196 /* Assets.xcassets in Resources */ = {isa = PBXBuildFile; fileRef = BA6B4CFB1CFFD4560085D196 /* Assets.xcassets */; };
		BA6B4CFF1CFFD4560085D196 /* LaunchScreen.storyboard in Resources */ = {isa = PBXBuildFile; fileRef = BA6B4CFD1CFFD4560085D196 /* LaunchScreen.storyboard */; };
		BA6B4D071D0007430085D196 /* SettingsViewController.swift in Sources */ = {isa = PBXBuildFile; fileRef = BA6B4D061D0007430085D196 /* SettingsViewController.swift */; };
/* End PBXBuildFile section */

/* Begin PBXFileReference section */
		BA2155511D00765B0042A999 /* SettingsHelper.swift */ = {isa = PBXFileReference; fileEncoding = 4; lastKnownFileType = sourcecode.swift; path = SettingsHelper.swift; sourceTree = "<group>"; };
		BA6B4CF11CFFD4560085D196 /* tips.app */ = {isa = PBXFileReference; explicitFileType = wrapper.application; includeInIndex = 0; path = tips.app; sourceTree = BUILT_PRODUCTS_DIR; };
		BA6B4CF41CFFD4560085D196 /* AppDelegate.swift */ = {isa = PBXFileReference; lastKnownFileType = sourcecode.swift; path = AppDelegate.swift; sourceTree = "<group>"; };
		BA6B4CF61CFFD4560085D196 /* ViewController.swift */ = {isa = PBXFileReference; lastKnownFileType = sourcecode.swift; path = ViewController.swift; sourceTree = "<group>"; };
		BA6B4CF91CFFD4560085D196 /* Base */ = {isa = PBXFileReference; lastKnownFileType = file.storyboard; name = Base; path = Base.lproj/Main.storyboard; sourceTree = "<group>"; };
		BA6B4CFB1CFFD4560085D196 /* Assets.xcassets */ = {isa = PBXFileReference; lastKnownFileType = folder.assetcatalog; path = Assets.xcassets; sourceTree = "<group>"; };
		BA6B4CFE1CFFD4560085D196 /* Base */ = {isa = PBXFileReference; lastKnownFileType = file.storyboard; name = Base; path = Base.lproj/LaunchScreen.storyboard; sourceTree = "<group>"; };
		BA6B4D001CFFD4560085D196 /* Info.plist */ = {isa = PBXFileReference; lastKnownFileType = text.plist.xml; path = Info.plist; sourceTree = "<group>"; };
		BA6B4D061D0007430085D196 /* SettingsViewController.swift */ = {isa = PBXFileReference; fileEncoding = 4; lastKnownFileType = sourcecode.swift; path = SettingsViewController.swift; sourceTree = "<group>"; };
/* End PBXFileReference section */

/* Begin PBXFrameworksBuildPhase section */
		BA6B4CEE1CFFD4560085D196 /* Frameworks */ = {
			isa = PBXFrameworksBuildPhase;
			buildActionMask = 2147483647;
			files = (
			);
			runOnlyForDeploymentPostprocessing = 0;
		};
/* End PBXFrameworksBuildPhase section */

/* Begin PBXGroup section */
		BA6B4CE81CFFD4550085D196 = {
			isa = PBXGroup;
			children = (
				BA6B4CF31CFFD4560085D196 /* tips */,
				BA6B4CF21CFFD4560085D196 /* Products */,
			);
			sourceTree = "<group>";
		};
		BA6B4CF21CFFD4560085D196 /* Products */ = {
			isa = PBXGroup;
			children = (
				BA6B4CF11CFFD4560085D196 /* tips.app */,
			);
			name = Products;
			sourceTree = "<group>";
		};
		BA6B4CF31CFFD4560085D196 /* tips */ = {
			isa = PBXGroup;
			children = (
				BA6B4CF41CFFD4560085D196 /* AppDelegate.swift */,
				BA6B4CF61CFFD4560085D196 /* ViewController.swift */,
				BA6B4CF81CFFD4560085D196 /* Main.storyboard */,
				BA6B4D061D0007430085D196 /* SettingsViewController.swift */,
				BA6B4CFB1CFFD4560085D196 /* Assets.xcassets */,
				BA6B4CFD1CFFD4560085D196 /* LaunchScreen.storyboard */,
				BA6B4D001CFFD4560085D196 /* Info.plist */,
				BA2155511D00765B0042A999 /* SettingsHelper.swift */,
			);
			path = tips;
			sourceTree = "<group>";
		};
/* End PBXGroup section */

/* Begin PBXNativeTarget section */
		BA6B4CF01CFFD4560085D196 /* tips */ = {
			isa = PBXNativeTarget;
			buildConfigurationList = BA6B4D031CFFD4560085D196 /* Build configuration list for PBXNativeTarget "tips" */;
			buildPhases = (
				BA6B4CED1CFFD4560085D196 /* Sources */,
				BA6B4CEE1CFFD4560085D196 /* Frameworks */,
				BA6B4CEF1CFFD4560085D196 /* Resources */,
			);
			buildRules = (
			);
			dependencies = (
			);
			name = tips;
			productName = tips;
			productReference = BA6B4CF11CFFD4560085D196 /* tips.app */;
			productType = "com.apple.product-type.application";
		};
/* End PBXNativeTarget section */

/* Begin PBXProject section */
		BA6B4CE91CFFD4550085D196 /* Project object */ = {
			isa = PBXProject;
			attributes = {
				LastSwiftUpdateCheck = 0720;
				LastUpgradeCheck = 0720;
				ORGANIZATIONNAME = "Dinh Thi Minh";
				TargetAttributes = {
					BA6B4CF01CFFD4560085D196 = {
						CreatedOnToolsVersion = 7.2.1;
						DevelopmentTeam = 888RSWB2VY;
					};
				};
			};
			buildConfigurationList = BA6B4CEC1CFFD4550085D196 /* Build configuration list for PBXProject "tips" */;
			compatibilityVersion = "Xcode 3.2";
			developmentRegion = English;
			hasScannedForEncodings = 0;
			knownRegions = (
				en,
				Base,
			);
			mainGroup = BA6B4CE81CFFD4550085D196;
			productRefGroup = BA6B4CF21CFFD4560085D196 /* Products */;
			projectDirPath = "";
			projectRoot = "";
			targets = (
				BA6B4CF01CFFD4560085D196 /* tips */,
			);
		};
/* End PBXProject section */

/* Begin PBXResourcesBuildPhase section */
		BA6B4CEF1CFFD4560085D196 /* Resources */ = {
			isa = PBXResourcesBuildPhase;
			buildActionMask = 2147483647;
			files = (
				BA6B4CFF1CFFD4560085D196 /* LaunchScreen.storyboard in Resources */,
				BA6B4CFC1CFFD4560085D196 /* Assets.xcassets in Resources */,
				BA6B4CFA1CFFD4560085D196 /* Main.storyboard in Resources */,
			);
			runOnlyForDeploymentPostprocessing = 0;
		};
/* End PBXResourcesBuildPhase section */

/* Begin PBXSourcesBuildPhase section */
		BA6B4CED1CFFD4560085D196 /* Sources */ = {
			isa = PBXSourcesBuildPhase;
			buildActionMask = 2147483647;
			files = (
				BA2155521D00765B0042A999 /* SettingsHelper.swift in Sources */,
				BA6B4CF71CFFD4560085D196 /* ViewController.swift in Sources */,
				BA6B4CF51CFFD4560085D196 /* AppDelegate.swift in Sources */,
				BA6B4D071D0007430085D196 /* SettingsViewController.swift in Sources */,
			);
			runOnlyForDeploymentPostprocessing = 0;
		};
/* End PBXSourcesBuildPhase section */

/* Begin PBXVariantGroup section */
		BA6B4CF81CFFD4560085D196 /* Main.storyboard */ = {
			isa = PBXVariantGroup;
			children = (
				BA6B4CF91CFFD4560085D196 /* Base */,
			);
			name = Main.storyboard;
			sourceTree = "<group>";
		};
		BA6B4CFD1CFFD4560085D196 /* LaunchScreen.storyboard */ = {
			isa = PBXVariantGroup;
			children = (
				BA6B4CFE1CFFD4560085D196 /* Base */,
			);
			name = LaunchScreen.storyboard;
			sourceTree = "<group>";
		};
/* End PBXVariantGroup section */

/* Begin XCBuildConfiguration section */
		BA6B4D011CFFD4560085D196 /* Debug */ = {
			isa = XCBuildConfiguration;
			buildSettings = {
				ALWAYS_SEARCH_USER_PATHS = NO;
				CLANG_CXX_LANGUAGE_STANDARD = "gnu++0x";
				CLANG_CXX_LIBRARY = "libc++";
				CLANG_ENABLE_MODULES = YES;
				CLANG_ENABLE_OBJC_ARC = YES;
				CLANG_WARN_BOOL_CONVERSION = YES;
				CLANG_WARN_CONSTANT_CONVERSION = YES;
				CLANG_WARN_DIRECT_OBJC_ISA_USAGE = YES_ERROR;
				CLANG_WARN_EMPTY_BODY = YES;
				CLANG_WARN_ENUM_CONVERSION = YES;
				CLANG_WARN_INT_CONVERSION = YES;
				CLANG_WARN_OBJC_ROOT_CLASS = YES_ERROR;
				CLANG_WARN_UNREACHABLE_CODE = YES;
				CLANG_WARN__DUPLICATE_METHOD_MATCH = YES;
				"CODE_SIGN_IDENTITY[sdk=iphoneos*]" = "iPhone Developer";
				COPY_PHASE_STRIP = NO;
				DEBUG_INFORMATION_FORMAT = dwarf;
				ENABLE_STRICT_OBJC_MSGSEND = YES;
				ENABLE_TESTABILITY = YES;
				GCC_C_LANGUAGE_STANDARD = gnu99;
				GCC_DYNAMIC_NO_PIC = NO;
				GCC_NO_COMMON_BLOCKS = YES;
				GCC_OPTIMIZATION_LEVEL = 0;
				GCC_PREPROCESSOR_DEFINITIONS = (
					"DEBUG=1",
					"$(inherited)",
				);
				GCC_WARN_64_TO_32_BIT_CONVERSION = YES;
				GCC_WARN_ABOUT_RETURN_TYPE = YES_ERROR;
				GCC_WARN_UNDECLARED_SELECTOR = YES;
				GCC_WARN_UNINITIALIZED_AUTOS = YES_AGGRESSIVE;
				GCC_WARN_UNUSED_FUNCTION = YES;
				GCC_WARN_UNUSED_VARIABLE = YES;
				IPHONEOS_DEPLOYMENT_TARGET = 9.2;
				MTL_ENABLE_DEBUG_INFO = YES;
				ONLY_ACTIVE_ARCH = YES;
				SDKROOT = iphoneos;
				SWIFT_OPTIMIZATION_LEVEL = "-Onone";
			};
			name = Debug;
		};
		BA6B4D021CFFD4560085D196 /* Release */ = {
			isa = XCBuildConfiguration;
			buildSettings = {
				ALWAYS_SEARCH_USER_PATHS = NO;
				CLANG_CXX_LANGUAGE_STANDARD = "gnu++0x";
				CLANG_CXX_LIBRARY = "libc++";
				CLANG_ENABLE_MODULES = YES;
				CLANG_ENABLE_OBJC_ARC = YES;
				CLANG_WARN_BOOL_CONVERSION = YES;
				CLANG_WARN_CONSTANT_CONVERSION = YES;
				CLANG_WARN_DIRECT_OBJC_ISA_USAGE = YES_ERROR;
				CLANG_WARN_EMPTY_BODY = YES;
				CLANG_WARN_ENUM_CONVERSION = YES;
				CLANG_WARN_INT_CONVERSION = YES;
				CLANG_WARN_OBJC_ROOT_CLASS = YES_ERROR;
				CLANG_WARN_UNREACHABLE_CODE = YES;
				CLANG_WARN__DUPLICATE_METHOD_MATCH = YES;
				"CODE_SIGN_IDENTITY[sdk=iphoneos*]" = "iPhone Developer";
				COPY_PHASE_STRIP = NO;
				DEBUG_INFORMATION_FORMAT = "dwarf-with-dsym";
				ENABLE_NS_ASSERTIONS = NO;
				ENABLE_STRICT_OBJC_MSGSEND = YES;
				GCC_C_LANGUAGE_STANDARD = gnu99;
				GCC_NO_COMMON_BLOCKS = YES;
				GCC_WARN_64_TO_32_BIT_CONVERSION = YES;
				GCC_WARN_ABOUT_RETURN_TYPE = YES_ERROR;
				GCC_WARN_UNDECLARED_SELECTOR = YES;
				GCC_WARN_UNINITIALIZED_AUTOS = YES_AGGRESSIVE;
				GCC_WARN_UNUSED_FUNCTION = YES;
				GCC_WARN_UNUSED_VARIABLE = YES;
				IPHONEOS_DEPLOYMENT_TARGET = 9.2;
				MTL_ENABLE_DEBUG_INFO = NO;
				SDKROOT = iphoneos;
				VALIDATE_PRODUCT = YES;
			};
			name = Release;
		};
		BA6B4D041CFFD4560085D196 /* Debug */ = {
			isa = XCBuildConfiguration;
			buildSettings = {
				ASSETCATALOG_COMPILER_APPICON_NAME = AppIcon;
				INFOPLIST_FILE = tips/Info.plist;
				IPHONEOS_DEPLOYMENT_TARGET = 8.4;
				LD_RUNPATH_SEARCH_PATHS = "$(inherited) @executable_path/Frameworks";
				PRODUCT_BUNDLE_IDENTIFIER = tutorial.tips;
				PRODUCT_NAME = "$(TARGET_NAME)";
			};
			name = Debug;
		};
		BA6B4D051CFFD4560085D196 /* Release */ = {
			isa = XCBuildConfiguration;
			buildSettings = {
				ASSETCATALOG_COMPILER_APPICON_NAME = AppIcon;
				INFOPLIST_FILE = tips/Info.plist;
				IPHONEOS_DEPLOYMENT_TARGET = 8.4;
				LD_RUNPATH_SEARCH_PATHS = "$(inherited) @executable_path/Frameworks";
				PRODUCT_BUNDLE_IDENTIFIER = tutorial.tips;
				PRODUCT_NAME = "$(TARGET_NAME)";
			};
			name = Release;
		};
/* End XCBuildConfiguration section */

/* Begin XCConfigurationList section */
		BA6B4CEC1CFFD4550085D196 /* Build configuration list for PBXProject "tips" */ = {
			isa = XCConfigurationList;
			buildConfigurations = (
				BA6B4D011CFFD4560085D196 /* Debug */,
				BA6B4D021CFFD4560085D196 /* Release */,
			);
			defaultConfigurationIsVisible = 0;
			defaultConfigurationName = Release;
		};
		BA6B4D031CFFD4560085D196 /* Build configuration list for PBXNativeTarget "tips" */ = {
			isa = XCConfigurationList;
			buildConfigurations = (
				BA6B4D041CFFD4560085D196 /* Debug */,
				BA6B4D051CFFD4560085D196 /* Release */,
			);
			defaultConfigurationIsVisible = 0;
			defaultConfigurationName = Release;
		};
/* End XCConfigurationList section */
	};
	rootObject = BA6B4CE91CFFD4550085D196 /* Project object */;
}
